
Microsoft Visual Studio Solution File, Format Version 12.00
# Visual Studio Version 17
VisualStudioVersion = 17.8.34525.116
MinimumVisualStudioVersion = 10.0.40219.1
Project("{FAE04EC0-301F-11D3-BF4B-00C04F79EFBC}") = "loenBeregner", "loenBeregner\loenBeregner.csproj", "{6A481400-44EA-4B1A-A41B-28B0141C1180}"
EndProject
Global
	GlobalSection(SolutionConfigurationPlatforms) = preSolution
		Debug|Any CPU = Debug|Any CPU
		Release|Any CPU = Release|Any CPU
	EndGlobalSection
	GlobalSection(ProjectConfigurationPlatforms) = postSolution
		{6A481400-44EA-4B1A-A41B-28B0141C1180}.Debug|Any CPU.ActiveCfg = Debug|Any CPU
		{6A481400-44EA-4B1A-A41B-28B0141C1180}.Debug|Any CPU.Build.0 = Debug|Any CPU
		{6A481400-44EA-4B1A-A41B-28B0141C1180}.Release|Any CPU.ActiveCfg = Release|Any CPU
		{6A481400-44EA-4B1A-A41B-28B0141C1180}.Release|Any CPU.Build.0 = Release|Any CPU
	EndGlobalSection
	GlobalSection(SolutionProperties) = preSolution
		HideSolutionNode = FALSE
	EndGlobalSection
	GlobalSection(ExtensibilityGlobals) = postSolution
		SolutionGuid = {5D1C272E-367F-4FDD-A5E1-560A90197661}
	EndGlobalSection
EndGlobal
